
Microsoft Visual Studio Solution File, Format Version 12.00
# Visual Studio 15
VisualStudioVersion = 15.0.28010.2036
MinimumVisualStudioVersion = 10.0.40219.1
Project("{FAE04EC0-301F-11D3-BF4B-00C04F79EFBC}") = "Stripe", "WcfService1\Stripe.csproj", "{42BE483C-80E1-4859-8240-59022447015E}"
EndProject
Project("{FAE04EC0-301F-11D3-BF4B-00C04F79EFBC}") = "Stripe.Test", "Stripe.Test\Stripe.Test.csproj", "{FF710331-4618-42AB-91F5-EB1C5DC3FDCF}"
EndProject
Global
	GlobalSection(SolutionConfigurationPlatforms) = preSolution
		Debug|Any CPU = Debug|Any CPU
		Release|Any CPU = Release|Any CPU
	EndGlobalSection
	GlobalSection(ProjectConfigurationPlatforms) = postSolution
		{42BE483C-80E1-4859-8240-59022447015E}.Debug|Any CPU.ActiveCfg = Debug|Any CPU
		{42BE483C-80E1-4859-8240-59022447015E}.Debug|Any CPU.Build.0 = Debug|Any CPU
		{42BE483C-80E1-4859-8240-59022447015E}.Release|Any CPU.ActiveCfg = Release|Any CPU
		{42BE483C-80E1-4859-8240-59022447015E}.Release|Any CPU.Build.0 = Release|Any CPU
		{FF710331-4618-42AB-91F5-EB1C5DC3FDCF}.Debug|Any CPU.ActiveCfg = Debug|Any CPU
		{FF710331-4618-42AB-91F5-EB1C5DC3FDCF}.Debug|Any CPU.Build.0 = Debug|Any CPU
		{FF710331-4618-42AB-91F5-EB1C5DC3FDCF}.Release|Any CPU.ActiveCfg = Release|Any CPU
		{FF710331-4618-42AB-91F5-EB1C5DC3FDCF}.Release|Any CPU.Build.0 = Release|Any CPU
	EndGlobalSection
	GlobalSection(SolutionProperties) = preSolution
		HideSolutionNode = FALSE
	EndGlobalSection
	GlobalSection(ExtensibilityGlobals) = postSolution
		SolutionGuid = {77C8E02C-79BC-43D7-B024-B448FE6FDAC3}
	EndGlobalSection
EndGlobal
